// !$*UTF8*$!
{
	archiveVersion = 1;
	classes = {
	};
	objectVersion = 56;
	objects = {

/* Begin PBXBuildFile section */
		7854077D2BCD913900932AA4 /* CameraPermission in Frameworks */ = {isa = PBXBuildFile; productRef = 7854077C2BCD913900932AA4 /* CameraPermission */; };
		78B575882BAD11880057A709 /* Storage.swift in Sources */ = {isa = PBXBuildFile; fileRef = 8BFDC26B2BACE80C00423449 /* Storage.swift */; };
		78F2F2412B91677000CDF3EC /* QRShareProApp.swift in Sources */ = {isa = PBXBuildFile; fileRef = 78F2F2402B91677000CDF3EC /* QRShareProApp.swift */; };
		78F2F2452B91677300CDF3EC /* Assets.xcassets in Resources */ = {isa = PBXBuildFile; fileRef = 78F2F2442B91677300CDF3EC /* Assets.xcassets */; };
		78F2F2482B91677300CDF3EC /* Preview Assets.xcassets in Resources */ = {isa = PBXBuildFile; fileRef = 78F2F2472B91677300CDF3EC /* Preview Assets.xcassets */; };
		8B0C942D2BBDDC4A009EC3E3 /* Data+toImage.swift in Sources */ = {isa = PBXBuildFile; fileRef = 8B0C942C2BBDDC4A009EC3E3 /* Data+toImage.swift */; };
		8B0C942F2BBDDC73009EC3E3 /* View+splashView.swift in Sources */ = {isa = PBXBuildFile; fileRef = 8B0C942E2BBDDC73009EC3E3 /* View+splashView.swift */; };
		8B0C94312BBDDCAD009EC3E3 /* UIApplication+currentUIWindow.swift in Sources */ = {isa = PBXBuildFile; fileRef = 8B0C94302BBDDCAD009EC3E3 /* UIApplication+currentUIWindow.swift */; };
		8B0C94332BBDDCDC009EC3E3 /* UIColor+encode.swift in Sources */ = {isa = PBXBuildFile; fileRef = 8B0C94322BBDDCDC009EC3E3 /* UIColor+encode.swift */; };
		8B0C94362BBDDE1F009EC3E3 /* SplashView.swift in Sources */ = {isa = PBXBuildFile; fileRef = 8B0C94352BBDDE1F009EC3E3 /* SplashView.swift */; };
		8B0C94382BBDDE3A009EC3E3 /* OnboardingPageView.swift in Sources */ = {isa = PBXBuildFile; fileRef = 8B0C94372BBDDE3A009EC3E3 /* OnboardingPageView.swift */; };
		8B0C943A2BBDDE63009EC3E3 /* AsyncCachedImage.swift in Sources */ = {isa = PBXBuildFile; fileRef = 8B0C94392BBDDE63009EC3E3 /* AsyncCachedImage.swift */; };
		8B0C943D2BBDDEE9009EC3E3 /* Tab.swift in Sources */ = {isa = PBXBuildFile; fileRef = 8B0C943C2BBDDEE9009EC3E3 /* Tab.swift */; };
		8B0C943F2BBDDF0E009EC3E3 /* Feature.swift in Sources */ = {isa = PBXBuildFile; fileRef = 8B0C943E2BBDDF0E009EC3E3 /* Feature.swift */; };
		8B0C94412BBDDF23009EC3E3 /* AppIcon.swift in Sources */ = {isa = PBXBuildFile; fileRef = 8B0C94402BBDDF23009EC3E3 /* AppIcon.swift */; };
		8B0C94442BBDDF4E009EC3E3 /* AccentColorManager.swift in Sources */ = {isa = PBXBuildFile; fileRef = 8B0C94432BBDDF4E009EC3E3 /* AccentColorManager.swift */; };
		8B0C94462BBDDF9C009EC3E3 /* ScanLocation.swift in Sources */ = {isa = PBXBuildFile; fileRef = 8B0C94452BBDDF9C009EC3E3 /* ScanLocation.swift */; };
		8B0C94482BBDE004009EC3E3 /* LocationManager.swift in Sources */ = {isa = PBXBuildFile; fileRef = 8B0C94472BBDE004009EC3E3 /* LocationManager.swift */; };
		8B0C944A2BBDE09A009EC3E3 /* QRScannerViewModel.swift in Sources */ = {isa = PBXBuildFile; fileRef = 8B0C94492BBDE09A009EC3E3 /* QRScannerViewModel.swift */; };
		8B0C944C2BBDE0C0009EC3E3 /* VisualEffectView.swift in Sources */ = {isa = PBXBuildFile; fileRef = 8B0C944B2BBDE0C0009EC3E3 /* VisualEffectView.swift */; };
		8B0C944F2BBDFFE2009EC3E3 /* String+isValidURL.swift in Sources */ = {isa = PBXBuildFile; fileRef = 8B0C944E2BBDFFE2009EC3E3 /* String+isValidURL.swift */; };
		8B0C94522BBE1C23009EC3E3 /* PrivacyInfo.xcprivacy in Resources */ = {isa = PBXBuildFile; fileRef = 8B0C94512BBE1C23009EC3E3 /* PrivacyInfo.xcprivacy */; };
		8B0C94532BBE1C23009EC3E3 /* PrivacyInfo.xcprivacy in Resources */ = {isa = PBXBuildFile; fileRef = 8B0C94512BBE1C23009EC3E3 /* PrivacyInfo.xcprivacy */; };
		8B255E792BC39C79008BE876 /* URL+prettify.swift in Sources */ = {isa = PBXBuildFile; fileRef = 8B255E782BC39C79008BE876 /* URL+prettify.swift */; };
		8B2EE4B22B980F9B001C7997 /* OnboardingView.swift in Sources */ = {isa = PBXBuildFile; fileRef = 8B2EE4B12B980F9B001C7997 /* OnboardingView.swift */; };
		8B2EE4B62B981066001C7997 /* Home.swift in Sources */ = {isa = PBXBuildFile; fileRef = 8B2EE4B52B981066001C7997 /* Home.swift */; };
		8BA2748C2BB26F8D00EF9631 /* History.swift in Sources */ = {isa = PBXBuildFile; fileRef = 8BA2748B2BB26F8D00EF9631 /* History.swift */; };
		8BA2748E2BB26FA100EF9631 /* HistoryDetailInfo.swift in Sources */ = {isa = PBXBuildFile; fileRef = 8BA2748D2BB26FA100EF9631 /* HistoryDetailInfo.swift */; };
		8BA274902BB279BC00EF9631 /* SceneDelegate.swift in Sources */ = {isa = PBXBuildFile; fileRef = 8BA2748F2BB279BC00EF9631 /* SceneDelegate.swift */; };
		8BA274942BB27A9300EF9631 /* AppDelegate.swift in Sources */ = {isa = PBXBuildFile; fileRef = 8BA274932BB27A9300EF9631 /* AppDelegate.swift */; };
		8BB42EF82B9EB9FC00CE3DC6 /* Scanner.swift in Sources */ = {isa = PBXBuildFile; fileRef = 8BB42EF72B9EB9FC00CE3DC6 /* Scanner.swift */; };
		8BB6E1662B99575C0094D652 /* ShareViewController.swift in Sources */ = {isa = PBXBuildFile; fileRef = 8BB6E1652B99575C0094D652 /* ShareViewController.swift */; };
		8BB6E1692B99575C0094D652 /* Base in Resources */ = {isa = PBXBuildFile; fileRef = 8BB6E1682B99575C0094D652 /* Base */; };
		8BB6E16D2B99575C0094D652 /* Share.appex in Embed Foundation Extensions */ = {isa = PBXBuildFile; fileRef = 8BB6E1632B99575C0094D652 /* Share.appex */; settings = {ATTRIBUTES = (RemoveHeadersOnCopy, ); }; };
		8BDF6FF02BCF614600AEF579 /* ColorfulX in Frameworks */ = {isa = PBXBuildFile; productRef = 8BDF6FEF2BCF614600AEF579 /* ColorfulX */; };
		8BDF6FF22BCF614D00AEF579 /* ColorfulX in Frameworks */ = {isa = PBXBuildFile; productRef = 8BDF6FF12BCF614D00AEF579 /* ColorfulX */; };
		8BDF6FF42BD051D500AEF579 /* ShowWebsiteFavicons.swift in Sources */ = {isa = PBXBuildFile; fileRef = 8BDF6FF32BD051D500AEF579 /* ShowWebsiteFavicons.swift */; };
		8BFDC2692BACE2D100423449 /* NetworkMonitor.swift in Sources */ = {isa = PBXBuildFile; fileRef = 8BFDC2682BACE2D100423449 /* NetworkMonitor.swift */; };
		8BFDC26C2BACE80C00423449 /* Storage.swift in Sources */ = {isa = PBXBuildFile; fileRef = 8BFDC26B2BACE80C00423449 /* Storage.swift */; };
/* End PBXBuildFile section */

/* Begin PBXContainerItemProxy section */
		8BB6E16B2B99575C0094D652 /* PBXContainerItemProxy */ = {
			isa = PBXContainerItemProxy;
			containerPortal = 78F2F2352B91676F00CDF3EC /* Project object */;
			proxyType = 1;
			remoteGlobalIDString = 8BB6E1622B99575C0094D652;
			remoteInfo = Share;
		};
/* End PBXContainerItemProxy section */

/* Begin PBXCopyFilesBuildPhase section */
		78F2F2602B91680C00CDF3EC /* Embed Foundation Extensions */ = {
			isa = PBXCopyFilesBuildPhase;
			buildActionMask = 2147483647;
			dstPath = "";
			dstSubfolderSpec = 13;
			files = (
				8BB6E16D2B99575C0094D652 /* Share.appex in Embed Foundation Extensions */,
			);
			name = "Embed Foundation Extensions";
			runOnlyForDeploymentPostprocessing = 0;
		};
		8BA274A62BB2837200EF9631 /* Embed ExtensionKit Extensions */ = {
			isa = PBXCopyFilesBuildPhase;
			buildActionMask = 2147483647;
			dstPath = "$(EXTENSIONS_FOLDER_PATH)";
			dstSubfolderSpec = 16;
			files = (
			);
			name = "Embed ExtensionKit Extensions";
			runOnlyForDeploymentPostprocessing = 0;
		};
/* End PBXCopyFilesBuildPhase section */

/* Begin PBXFileReference section */
		7861AE3A2B941C8D00BE24B5 /* Info.plist */ = {isa = PBXFileReference; lastKnownFileType = text.plist; path = Info.plist; sourceTree = "<group>"; };
		78B575862BAD0FBB0057A709 /* QRSharePro.entitlements */ = {isa = PBXFileReference; lastKnownFileType = text.plist.entitlements; path = QRSharePro.entitlements; sourceTree = "<group>"; };
		78B575872BAD106B0057A709 /* Share.entitlements */ = {isa = PBXFileReference; lastKnownFileType = text.plist.entitlements; path = Share.entitlements; sourceTree = "<group>"; };
		78F2F23D2B91677000CDF3EC /* QRSharePro.app */ = {isa = PBXFileReference; explicitFileType = wrapper.application; includeInIndex = 0; path = QRSharePro.app; sourceTree = BUILT_PRODUCTS_DIR; };
		78F2F2402B91677000CDF3EC /* QRShareProApp.swift */ = {isa = PBXFileReference; lastKnownFileType = sourcecode.swift; path = QRShareProApp.swift; sourceTree = "<group>"; };
		78F2F2442B91677300CDF3EC /* Assets.xcassets */ = {isa = PBXFileReference; lastKnownFileType = folder.assetcatalog; path = Assets.xcassets; sourceTree = "<group>"; };
		78F2F2472B91677300CDF3EC /* Preview Assets.xcassets */ = {isa = PBXFileReference; lastKnownFileType = folder.assetcatalog; path = "Preview Assets.xcassets"; sourceTree = "<group>"; };
		8B0C942C2BBDDC4A009EC3E3 /* Data+toImage.swift */ = {isa = PBXFileReference; lastKnownFileType = sourcecode.swift; path = "Data+toImage.swift"; sourceTree = "<group>"; };
		8B0C942E2BBDDC73009EC3E3 /* View+splashView.swift */ = {isa = PBXFileReference; lastKnownFileType = sourcecode.swift; path = "View+splashView.swift"; sourceTree = "<group>"; };
		8B0C94302BBDDCAD009EC3E3 /* UIApplication+currentUIWindow.swift */ = {isa = PBXFileReference; lastKnownFileType = sourcecode.swift; path = "UIApplication+currentUIWindow.swift"; sourceTree = "<group>"; };
		8B0C94322BBDDCDC009EC3E3 /* UIColor+encode.swift */ = {isa = PBXFileReference; lastKnownFileType = sourcecode.swift; path = "UIColor+encode.swift"; sourceTree = "<group>"; };
		8B0C94352BBDDE1F009EC3E3 /* SplashView.swift */ = {isa = PBXFileReference; lastKnownFileType = sourcecode.swift; path = SplashView.swift; sourceTree = "<group>"; };
		8B0C94372BBDDE3A009EC3E3 /* OnboardingPageView.swift */ = {isa = PBXFileReference; lastKnownFileType = sourcecode.swift; path = OnboardingPageView.swift; sourceTree = "<group>"; };
		8B0C94392BBDDE63009EC3E3 /* AsyncCachedImage.swift */ = {isa = PBXFileReference; lastKnownFileType = sourcecode.swift; path = AsyncCachedImage.swift; sourceTree = "<group>"; };
		8B0C943C2BBDDEE9009EC3E3 /* Tab.swift */ = {isa = PBXFileReference; lastKnownFileType = sourcecode.swift; path = Tab.swift; sourceTree = "<group>"; };
		8B0C943E2BBDDF0E009EC3E3 /* Feature.swift */ = {isa = PBXFileReference; lastKnownFileType = sourcecode.swift; path = Feature.swift; sourceTree = "<group>"; };
		8B0C94402BBDDF23009EC3E3 /* AppIcon.swift */ = {isa = PBXFileReference; lastKnownFileType = sourcecode.swift; path = AppIcon.swift; sourceTree = "<group>"; };
		8B0C94432BBDDF4E009EC3E3 /* AccentColorManager.swift */ = {isa = PBXFileReference; lastKnownFileType = sourcecode.swift; path = AccentColorManager.swift; sourceTree = "<group>"; };
		8B0C94452BBDDF9C009EC3E3 /* ScanLocation.swift */ = {isa = PBXFileReference; lastKnownFileType = sourcecode.swift; path = ScanLocation.swift; sourceTree = "<group>"; };
		8B0C94472BBDE004009EC3E3 /* LocationManager.swift */ = {isa = PBXFileReference; lastKnownFileType = sourcecode.swift; path = LocationManager.swift; sourceTree = "<group>"; };
		8B0C94492BBDE09A009EC3E3 /* QRScannerViewModel.swift */ = {isa = PBXFileReference; lastKnownFileType = sourcecode.swift; path = QRScannerViewModel.swift; sourceTree = "<group>"; };
		8B0C944B2BBDE0C0009EC3E3 /* VisualEffectView.swift */ = {isa = PBXFileReference; lastKnownFileType = sourcecode.swift; path = VisualEffectView.swift; sourceTree = "<group>"; };
		8B0C944E2BBDFFE2009EC3E3 /* String+isValidURL.swift */ = {isa = PBXFileReference; lastKnownFileType = sourcecode.swift; path = "String+isValidURL.swift"; sourceTree = "<group>"; };
		8B0C94512BBE1C23009EC3E3 /* PrivacyInfo.xcprivacy */ = {isa = PBXFileReference; lastKnownFileType = text.xml; path = PrivacyInfo.xcprivacy; sourceTree = "<group>"; };
		8B255E782BC39C79008BE876 /* URL+prettify.swift */ = {isa = PBXFileReference; lastKnownFileType = sourcecode.swift; path = "URL+prettify.swift"; sourceTree = "<group>"; };
		8B2EE4B12B980F9B001C7997 /* OnboardingView.swift */ = {isa = PBXFileReference; lastKnownFileType = sourcecode.swift; path = OnboardingView.swift; sourceTree = "<group>"; };
		8B2EE4B52B981066001C7997 /* Home.swift */ = {isa = PBXFileReference; lastKnownFileType = sourcecode.swift; path = Home.swift; sourceTree = "<group>"; };
		8BA2748B2BB26F8D00EF9631 /* History.swift */ = {isa = PBXFileReference; lastKnownFileType = sourcecode.swift; path = History.swift; sourceTree = "<group>"; };
		8BA2748D2BB26FA100EF9631 /* HistoryDetailInfo.swift */ = {isa = PBXFileReference; lastKnownFileType = sourcecode.swift; path = HistoryDetailInfo.swift; sourceTree = "<group>"; };
		8BA2748F2BB279BC00EF9631 /* SceneDelegate.swift */ = {isa = PBXFileReference; lastKnownFileType = sourcecode.swift; path = SceneDelegate.swift; sourceTree = "<group>"; };
		8BA274932BB27A9300EF9631 /* AppDelegate.swift */ = {isa = PBXFileReference; lastKnownFileType = sourcecode.swift; path = AppDelegate.swift; sourceTree = "<group>"; };
		8BB42EF72B9EB9FC00CE3DC6 /* Scanner.swift */ = {isa = PBXFileReference; lastKnownFileType = sourcecode.swift; path = Scanner.swift; sourceTree = "<group>"; };
		8BB6E1632B99575C0094D652 /* Share.appex */ = {isa = PBXFileReference; explicitFileType = "wrapper.app-extension"; includeInIndex = 0; path = Share.appex; sourceTree = BUILT_PRODUCTS_DIR; };
		8BB6E1652B99575C0094D652 /* ShareViewController.swift */ = {isa = PBXFileReference; lastKnownFileType = sourcecode.swift; path = ShareViewController.swift; sourceTree = "<group>"; };
		8BB6E1682B99575C0094D652 /* Base */ = {isa = PBXFileReference; lastKnownFileType = file.storyboard; name = Base; path = Base.lproj/MainInterface.storyboard; sourceTree = "<group>"; };
		8BB6E16A2B99575C0094D652 /* Info.plist */ = {isa = PBXFileReference; lastKnownFileType = text.plist.xml; path = Info.plist; sourceTree = "<group>"; };
		8BDF6FF32BD051D500AEF579 /* ShowWebsiteFavicons.swift */ = {isa = PBXFileReference; lastKnownFileType = sourcecode.swift; path = ShowWebsiteFavicons.swift; sourceTree = "<group>"; };
		8BFDC2682BACE2D100423449 /* NetworkMonitor.swift */ = {isa = PBXFileReference; lastKnownFileType = sourcecode.swift; path = NetworkMonitor.swift; sourceTree = "<group>"; };
		8BFDC26B2BACE80C00423449 /* Storage.swift */ = {isa = PBXFileReference; lastKnownFileType = sourcecode.swift; path = Storage.swift; sourceTree = "<group>"; };
/* End PBXFileReference section */

/* Begin PBXFrameworksBuildPhase section */
		78F2F23A2B91677000CDF3EC /* Frameworks */ = {
			isa = PBXFrameworksBuildPhase;
			buildActionMask = 2147483647;
			files = (
				7854077D2BCD913900932AA4 /* CameraPermission in Frameworks */,
				8BDF6FF02BCF614600AEF579 /* ColorfulX in Frameworks */,
			);
			runOnlyForDeploymentPostprocessing = 0;
		};
		8BB6E1602B99575C0094D652 /* Frameworks */ = {
			isa = PBXFrameworksBuildPhase;
			buildActionMask = 2147483647;
			files = (
				8BDF6FF22BCF614D00AEF579 /* ColorfulX in Frameworks */,
			);
			runOnlyForDeploymentPostprocessing = 0;
		};
/* End PBXFrameworksBuildPhase section */

/* Begin PBXGroup section */
		78F2F2342B91676F00CDF3EC = {
			isa = PBXGroup;
			children = (
				8BA274932BB27A9300EF9631 /* AppDelegate.swift */,
				8BA2748F2BB279BC00EF9631 /* SceneDelegate.swift */,
				8BFDC26B2BACE80C00423449 /* Storage.swift */,
				78F2F23F2B91677000CDF3EC /* QRSharePro */,
				8BB6E1642B99575C0094D652 /* Share */,
				78F2F23E2B91677000CDF3EC /* Products */,
			);
			sourceTree = "<group>";
		};
		78F2F23E2B91677000CDF3EC /* Products */ = {
			isa = PBXGroup;
			children = (
				78F2F23D2B91677000CDF3EC /* QRSharePro.app */,
				8BB6E1632B99575C0094D652 /* Share.appex */,
			);
			name = Products;
			sourceTree = "<group>";
		};
		78F2F23F2B91677000CDF3EC /* QRSharePro */ = {
			isa = PBXGroup;
			children = (
				8B0C943B2BBDDEE2009EC3E3 /* Data */,
				8B0C94342BBDDE08009EC3E3 /* Views */,
				8B0C942B2BBDDC25009EC3E3 /* Extensions */,
				8B0C94422BBDDF36009EC3E3 /* ObservableObject */,
				78B575862BAD0FBB0057A709 /* QRSharePro.entitlements */,
				7861AE3A2B941C8D00BE24B5 /* Info.plist */,
				78F2F2402B91677000CDF3EC /* QRShareProApp.swift */,
				8B2EE4B12B980F9B001C7997 /* OnboardingView.swift */,
				8B2EE4B52B981066001C7997 /* Home.swift */,
				8BB42EF72B9EB9FC00CE3DC6 /* Scanner.swift */,
				8BA2748B2BB26F8D00EF9631 /* History.swift */,
				8BA2748D2BB26FA100EF9631 /* HistoryDetailInfo.swift */,
				78F2F2442B91677300CDF3EC /* Assets.xcassets */,
				78F2F2472B91677300CDF3EC /* Preview Assets.xcassets */,
				8B0C94512BBE1C23009EC3E3 /* PrivacyInfo.xcprivacy */,
			);
			path = QRSharePro;
			sourceTree = "<group>";
		};
		8B0C942B2BBDDC25009EC3E3 /* Extensions */ = {
			isa = PBXGroup;
			children = (
				8B0C942C2BBDDC4A009EC3E3 /* Data+toImage.swift */,
				8B0C942E2BBDDC73009EC3E3 /* View+splashView.swift */,
				8B0C94302BBDDCAD009EC3E3 /* UIApplication+currentUIWindow.swift */,
				8B0C94322BBDDCDC009EC3E3 /* UIColor+encode.swift */,
				8B0C944E2BBDFFE2009EC3E3 /* String+isValidURL.swift */,
				8B255E782BC39C79008BE876 /* URL+prettify.swift */,
			);
			path = Extensions;
			sourceTree = "<group>";
		};
		8B0C94342BBDDE08009EC3E3 /* Views */ = {
			isa = PBXGroup;
			children = (
				8B0C94352BBDDE1F009EC3E3 /* SplashView.swift */,
				8B0C94372BBDDE3A009EC3E3 /* OnboardingPageView.swift */,
				8B0C94392BBDDE63009EC3E3 /* AsyncCachedImage.swift */,
				8B0C944B2BBDE0C0009EC3E3 /* VisualEffectView.swift */,
			);
			path = Views;
			sourceTree = "<group>";
		};
		8B0C943B2BBDDEE2009EC3E3 /* Data */ = {
			isa = PBXGroup;
			children = (
				8B0C943C2BBDDEE9009EC3E3 /* Tab.swift */,
				8B0C943E2BBDDF0E009EC3E3 /* Feature.swift */,
				8B0C94402BBDDF23009EC3E3 /* AppIcon.swift */,
				8B0C94452BBDDF9C009EC3E3 /* ScanLocation.swift */,
				8BDF6FF32BD051D500AEF579 /* ShowWebsiteFavicons.swift */,
			);
			path = Data;
			sourceTree = "<group>";
		};
		8B0C94422BBDDF36009EC3E3 /* ObservableObject */ = {
			isa = PBXGroup;
			children = (
				8BFDC2682BACE2D100423449 /* NetworkMonitor.swift */,
				8B0C94432BBDDF4E009EC3E3 /* AccentColorManager.swift */,
				8B0C94472BBDE004009EC3E3 /* LocationManager.swift */,
				8B0C94492BBDE09A009EC3E3 /* QRScannerViewModel.swift */,
			);
			path = ObservableObject;
			sourceTree = "<group>";
		};
		8BB6E1642B99575C0094D652 /* Share */ = {
			isa = PBXGroup;
			children = (
				78B575872BAD106B0057A709 /* Share.entitlements */,
				8BB6E1652B99575C0094D652 /* ShareViewController.swift */,
				8BB6E1672B99575C0094D652 /* MainInterface.storyboard */,
				8BB6E16A2B99575C0094D652 /* Info.plist */,
			);
			path = Share;
			sourceTree = "<group>";
		};
/* End PBXGroup section */

/* Begin PBXNativeTarget section */
		78F2F23C2B91677000CDF3EC /* QRSharePro */ = {
			isa = PBXNativeTarget;
			buildConfigurationList = 78F2F24B2B91677300CDF3EC /* Build configuration list for PBXNativeTarget "QRSharePro" */;
			buildPhases = (
				78F2F2392B91677000CDF3EC /* Sources */,
				78F2F23A2B91677000CDF3EC /* Frameworks */,
				78F2F23B2B91677000CDF3EC /* Resources */,
				78F2F2602B91680C00CDF3EC /* Embed Foundation Extensions */,
				8BA274A62BB2837200EF9631 /* Embed ExtensionKit Extensions */,
			);
			buildRules = (
			);
			dependencies = (
				8BB6E16C2B99575C0094D652 /* PBXTargetDependency */,
			);
			name = QRSharePro;
			packageProductDependencies = (
				7854077C2BCD913900932AA4 /* CameraPermission */,
				8BDF6FEF2BCF614600AEF579 /* ColorfulX */,
			);
			productName = QRSharePro;
			productReference = 78F2F23D2B91677000CDF3EC /* QRSharePro.app */;
			productType = "com.apple.product-type.application";
		};
		8BB6E1622B99575C0094D652 /* Share */ = {
			isa = PBXNativeTarget;
			buildConfigurationList = 8BB6E16E2B99575C0094D652 /* Build configuration list for PBXNativeTarget "Share" */;
			buildPhases = (
				8BB6E15F2B99575C0094D652 /* Sources */,
				8BB6E1602B99575C0094D652 /* Frameworks */,
				8BB6E1612B99575C0094D652 /* Resources */,
			);
			buildRules = (
			);
			dependencies = (
			);
			name = Share;
			packageProductDependencies = (
				8BDF6FF12BCF614D00AEF579 /* ColorfulX */,
			);
			productName = Share;
			productReference = 8BB6E1632B99575C0094D652 /* Share.appex */;
			productType = "com.apple.product-type.app-extension";
		};
/* End PBXNativeTarget section */

/* Begin PBXProject section */
		78F2F2352B91676F00CDF3EC /* Project object */ = {
			isa = PBXProject;
			attributes = {
				BuildIndependentTargetsInParallel = 1;
				LastSwiftUpdateCheck = 1530;
				LastUpgradeCheck = 1520;
				TargetAttributes = {
					78F2F23C2B91677000CDF3EC = {
						CreatedOnToolsVersion = 15.2;
					};
					8BB6E1622B99575C0094D652 = {
						CreatedOnToolsVersion = 15.3;
					};
				};
			};
			buildConfigurationList = 78F2F2382B91676F00CDF3EC /* Build configuration list for PBXProject "QRSharePro" */;
			compatibilityVersion = "Xcode 14.0";
			developmentRegion = en;
			hasScannedForEncodings = 0;
			knownRegions = (
				en,
				Base,
			);
			mainGroup = 78F2F2342B91676F00CDF3EC;
			packageReferences = (
				7854077B2BCD913900932AA4 /* XCRemoteSwiftPackageReference "PermissionsKit" */,
				8BDF6FEE2BCF614600AEF579 /* XCRemoteSwiftPackageReference "ColorfulX" */,
			);
			productRefGroup = 78F2F23E2B91677000CDF3EC /* Products */;
			projectDirPath = "";
			projectRoot = "";
			targets = (
				78F2F23C2B91677000CDF3EC /* QRSharePro */,
				8BB6E1622B99575C0094D652 /* Share */,
			);
		};
/* End PBXProject section */

/* Begin PBXResourcesBuildPhase section */
		78F2F23B2B91677000CDF3EC /* Resources */ = {
			isa = PBXResourcesBuildPhase;
			buildActionMask = 2147483647;
			files = (
				8B0C94522BBE1C23009EC3E3 /* PrivacyInfo.xcprivacy in Resources */,
				78F2F2482B91677300CDF3EC /* Preview Assets.xcassets in Resources */,
				78F2F2452B91677300CDF3EC /* Assets.xcassets in Resources */,
			);
			runOnlyForDeploymentPostprocessing = 0;
		};
		8BB6E1612B99575C0094D652 /* Resources */ = {
			isa = PBXResourcesBuildPhase;
			buildActionMask = 2147483647;
			files = (
				8B0C94532BBE1C23009EC3E3 /* PrivacyInfo.xcprivacy in Resources */,
				8BB6E1692B99575C0094D652 /* Base in Resources */,
			);
			runOnlyForDeploymentPostprocessing = 0;
		};
/* End PBXResourcesBuildPhase section */

/* Begin PBXSourcesBuildPhase section */
		78F2F2392B91677000CDF3EC /* Sources */ = {
			isa = PBXSourcesBuildPhase;
			buildActionMask = 2147483647;
			files = (
				8BA274942BB27A9300EF9631 /* AppDelegate.swift in Sources */,
				8BDF6FF42BD051D500AEF579 /* ShowWebsiteFavicons.swift in Sources */,
				8BA2748C2BB26F8D00EF9631 /* History.swift in Sources */,
				8B0C94362BBDDE1F009EC3E3 /* SplashView.swift in Sources */,
				8B0C94442BBDDF4E009EC3E3 /* AccentColorManager.swift in Sources */,
				8B2EE4B22B980F9B001C7997 /* OnboardingView.swift in Sources */,
				8B0C942D2BBDDC4A009EC3E3 /* Data+toImage.swift in Sources */,
				8B0C943A2BBDDE63009EC3E3 /* AsyncCachedImage.swift in Sources */,
				8B0C94482BBDE004009EC3E3 /* LocationManager.swift in Sources */,
				8B0C94462BBDDF9C009EC3E3 /* ScanLocation.swift in Sources */,
				8BA274902BB279BC00EF9631 /* SceneDelegate.swift in Sources */,
				8B0C944C2BBDE0C0009EC3E3 /* VisualEffectView.swift in Sources */,
				8B0C944F2BBDFFE2009EC3E3 /* String+isValidURL.swift in Sources */,
				8B2EE4B62B981066001C7997 /* Home.swift in Sources */,
				8BB42EF82B9EB9FC00CE3DC6 /* Scanner.swift in Sources */,
				8B255E792BC39C79008BE876 /* URL+prettify.swift in Sources */,
				8B0C94332BBDDCDC009EC3E3 /* UIColor+encode.swift in Sources */,
				8B0C94412BBDDF23009EC3E3 /* AppIcon.swift in Sources */,
				8BA2748E2BB26FA100EF9631 /* HistoryDetailInfo.swift in Sources */,
				8B0C94312BBDDCAD009EC3E3 /* UIApplication+currentUIWindow.swift in Sources */,
				8B0C942F2BBDDC73009EC3E3 /* View+splashView.swift in Sources */,
				78F2F2412B91677000CDF3EC /* QRShareProApp.swift in Sources */,
				8BFDC2692BACE2D100423449 /* NetworkMonitor.swift in Sources */,
				8B0C943D2BBDDEE9009EC3E3 /* Tab.swift in Sources */,
				8B0C944A2BBDE09A009EC3E3 /* QRScannerViewModel.swift in Sources */,
				8B0C94382BBDDE3A009EC3E3 /* OnboardingPageView.swift in Sources */,
				8BFDC26C2BACE80C00423449 /* Storage.swift in Sources */,
				8B0C943F2BBDDF0E009EC3E3 /* Feature.swift in Sources */,
			);
			runOnlyForDeploymentPostprocessing = 0;
		};
		8BB6E15F2B99575C0094D652 /* Sources */ = {
			isa = PBXSourcesBuildPhase;
			buildActionMask = 2147483647;
			files = (
				8BB6E1662B99575C0094D652 /* ShareViewController.swift in Sources */,
				78B575882BAD11880057A709 /* Storage.swift in Sources */,
			);
			runOnlyForDeploymentPostprocessing = 0;
		};
/* End PBXSourcesBuildPhase section */

/* Begin PBXTargetDependency section */
		8BB6E16C2B99575C0094D652 /* PBXTargetDependency */ = {
			isa = PBXTargetDependency;
			target = 8BB6E1622B99575C0094D652 /* Share */;
			targetProxy = 8BB6E16B2B99575C0094D652 /* PBXContainerItemProxy */;
		};
/* End PBXTargetDependency section */

/* Begin PBXVariantGroup section */
		8BB6E1672B99575C0094D652 /* MainInterface.storyboard */ = {
			isa = PBXVariantGroup;
			children = (
				8BB6E1682B99575C0094D652 /* Base */,
			);
			name = MainInterface.storyboard;
			sourceTree = "<group>";
		};
/* End PBXVariantGroup section */

/* Begin XCBuildConfiguration section */
		78F2F2492B91677300CDF3EC /* Debug */ = {
			isa = XCBuildConfiguration;
			buildSettings = {
				ALWAYS_SEARCH_USER_PATHS = NO;
				ASSETCATALOG_COMPILER_GENERATE_SWIFT_ASSET_SYMBOL_EXTENSIONS = YES;
				CLANG_ANALYZER_NONNULL = YES;
				CLANG_ANALYZER_NUMBER_OBJECT_CONVERSION = YES_AGGRESSIVE;
				CLANG_CXX_LANGUAGE_STANDARD = "gnu++20";
				CLANG_ENABLE_MODULES = YES;
				CLANG_ENABLE_OBJC_ARC = YES;
				CLANG_ENABLE_OBJC_WEAK = YES;
				CLANG_WARN_BLOCK_CAPTURE_AUTORELEASING = YES;
				CLANG_WARN_BOOL_CONVERSION = YES;
				CLANG_WARN_COMMA = YES;
				CLANG_WARN_CONSTANT_CONVERSION = YES;
				CLANG_WARN_DEPRECATED_OBJC_IMPLEMENTATIONS = YES;
				CLANG_WARN_DIRECT_OBJC_ISA_USAGE = YES_ERROR;
				CLANG_WARN_DOCUMENTATION_COMMENTS = YES;
				CLANG_WARN_EMPTY_BODY = YES;
				CLANG_WARN_ENUM_CONVERSION = YES;
				CLANG_WARN_INFINITE_RECURSION = YES;
				CLANG_WARN_INT_CONVERSION = YES;
				CLANG_WARN_NON_LITERAL_NULL_CONVERSION = YES;
				CLANG_WARN_OBJC_IMPLICIT_RETAIN_SELF = YES;
				CLANG_WARN_OBJC_LITERAL_CONVERSION = YES;
				CLANG_WARN_OBJC_ROOT_CLASS = YES_ERROR;
				CLANG_WARN_QUOTED_INCLUDE_IN_FRAMEWORK_HEADER = YES;
				CLANG_WARN_RANGE_LOOP_ANALYSIS = YES;
				CLANG_WARN_STRICT_PROTOTYPES = YES;
				CLANG_WARN_SUSPICIOUS_MOVE = YES;
				CLANG_WARN_UNGUARDED_AVAILABILITY = YES_AGGRESSIVE;
				CLANG_WARN_UNREACHABLE_CODE = YES;
				CLANG_WARN__DUPLICATE_METHOD_MATCH = YES;
				COPY_PHASE_STRIP = NO;
				DEBUG_INFORMATION_FORMAT = dwarf;
				ENABLE_STRICT_OBJC_MSGSEND = YES;
				ENABLE_TESTABILITY = YES;
				ENABLE_USER_SCRIPT_SANDBOXING = YES;
				GCC_C_LANGUAGE_STANDARD = gnu17;
				GCC_DYNAMIC_NO_PIC = NO;
				GCC_NO_COMMON_BLOCKS = YES;
				GCC_OPTIMIZATION_LEVEL = 0;
				GCC_PREPROCESSOR_DEFINITIONS = (
					"DEBUG=1",
					"$(inherited)",
				);
				GCC_WARN_64_TO_32_BIT_CONVERSION = YES;
				GCC_WARN_ABOUT_RETURN_TYPE = YES_ERROR;
				GCC_WARN_UNDECLARED_SELECTOR = YES;
				GCC_WARN_UNINITIALIZED_AUTOS = YES_AGGRESSIVE;
				GCC_WARN_UNUSED_FUNCTION = YES;
				GCC_WARN_UNUSED_VARIABLE = YES;
				IPHONEOS_DEPLOYMENT_TARGET = 16.0;
				LOCALIZATION_PREFERS_STRING_CATALOGS = YES;
				MTL_ENABLE_DEBUG_INFO = INCLUDE_SOURCE;
				MTL_FAST_MATH = YES;
				ONLY_ACTIVE_ARCH = YES;
				SDKROOT = iphoneos;
				SWIFT_ACTIVE_COMPILATION_CONDITIONS = "DEBUG $(inherited)";
				SWIFT_OPTIMIZATION_LEVEL = "-Onone";
			};
			name = Debug;
		};
		78F2F24A2B91677300CDF3EC /* Release */ = {
			isa = XCBuildConfiguration;
			buildSettings = {
				ALWAYS_SEARCH_USER_PATHS = NO;
				ASSETCATALOG_COMPILER_GENERATE_SWIFT_ASSET_SYMBOL_EXTENSIONS = YES;
				CLANG_ANALYZER_NONNULL = YES;
				CLANG_ANALYZER_NUMBER_OBJECT_CONVERSION = YES_AGGRESSIVE;
				CLANG_CXX_LANGUAGE_STANDARD = "gnu++20";
				CLANG_ENABLE_MODULES = YES;
				CLANG_ENABLE_OBJC_ARC = YES;
				CLANG_ENABLE_OBJC_WEAK = YES;
				CLANG_WARN_BLOCK_CAPTURE_AUTORELEASING = YES;
				CLANG_WARN_BOOL_CONVERSION = YES;
				CLANG_WARN_COMMA = YES;
				CLANG_WARN_CONSTANT_CONVERSION = YES;
				CLANG_WARN_DEPRECATED_OBJC_IMPLEMENTATIONS = YES;
				CLANG_WARN_DIRECT_OBJC_ISA_USAGE = YES_ERROR;
				CLANG_WARN_DOCUMENTATION_COMMENTS = YES;
				CLANG_WARN_EMPTY_BODY = YES;
				CLANG_WARN_ENUM_CONVERSION = YES;
				CLANG_WARN_INFINITE_RECURSION = YES;
				CLANG_WARN_INT_CONVERSION = YES;
				CLANG_WARN_NON_LITERAL_NULL_CONVERSION = YES;
				CLANG_WARN_OBJC_IMPLICIT_RETAIN_SELF = YES;
				CLANG_WARN_OBJC_LITERAL_CONVERSION = YES;
				CLANG_WARN_OBJC_ROOT_CLASS = YES_ERROR;
				CLANG_WARN_QUOTED_INCLUDE_IN_FRAMEWORK_HEADER = YES;
				CLANG_WARN_RANGE_LOOP_ANALYSIS = YES;
				CLANG_WARN_STRICT_PROTOTYPES = YES;
				CLANG_WARN_SUSPICIOUS_MOVE = YES;
				CLANG_WARN_UNGUARDED_AVAILABILITY = YES_AGGRESSIVE;
				CLANG_WARN_UNREACHABLE_CODE = YES;
				CLANG_WARN__DUPLICATE_METHOD_MATCH = YES;
				COPY_PHASE_STRIP = NO;
				DEBUG_INFORMATION_FORMAT = "dwarf-with-dsym";
				ENABLE_NS_ASSERTIONS = NO;
				ENABLE_STRICT_OBJC_MSGSEND = YES;
				ENABLE_USER_SCRIPT_SANDBOXING = YES;
				GCC_C_LANGUAGE_STANDARD = gnu17;
				GCC_NO_COMMON_BLOCKS = YES;
				GCC_WARN_64_TO_32_BIT_CONVERSION = YES;
				GCC_WARN_ABOUT_RETURN_TYPE = YES_ERROR;
				GCC_WARN_UNDECLARED_SELECTOR = YES;
				GCC_WARN_UNINITIALIZED_AUTOS = YES_AGGRESSIVE;
				GCC_WARN_UNUSED_FUNCTION = YES;
				GCC_WARN_UNUSED_VARIABLE = YES;
				IPHONEOS_DEPLOYMENT_TARGET = 16.0;
				LOCALIZATION_PREFERS_STRING_CATALOGS = YES;
				MTL_ENABLE_DEBUG_INFO = NO;
				MTL_FAST_MATH = YES;
				SDKROOT = iphoneos;
				SWIFT_COMPILATION_MODE = wholemodule;
				VALIDATE_PRODUCT = YES;
			};
			name = Release;
		};
		78F2F24C2B91677300CDF3EC /* Debug */ = {
			isa = XCBuildConfiguration;
			buildSettings = {
				ALWAYS_EMBED_SWIFT_STANDARD_LIBRARIES = YES;
				ASSETCATALOG_COMPILER_ALTERNATE_APPICON_NAMES = "AppIcon3 AppIcon2 AppIcon";
				ASSETCATALOG_COMPILER_APPICON_NAME = AppIcon;
				ASSETCATALOG_COMPILER_GLOBAL_ACCENT_COLOR_NAME = AccentColor;
				ASSETCATALOG_COMPILER_INCLUDE_ALL_APPICON_ASSETS = YES;
				CODE_SIGN_ENTITLEMENTS = QRSharePro/QRSharePro.entitlements;
				CODE_SIGN_STYLE = Automatic;
				CURRENT_PROJECT_VERSION = 11;
				DEVELOPMENT_TEAM = L3P446LNNP;
				ENABLE_PREVIEWS = YES;
				GENERATE_INFOPLIST_FILE = YES;
				INFOPLIST_FILE = QRSharePro/Info.plist;
				INFOPLIST_KEY_CFBundleDisplayName = "QR Share Pro";
				INFOPLIST_KEY_LSApplicationCategoryType = "public.app-category.utilities";
				INFOPLIST_KEY_NSCameraUsageDescription = "Your camera is used to scan QR codes. This is done 100% offline.";
				INFOPLIST_KEY_NSLocationUsageDescription = "You'll be able to see where you scanned QR codes. Apple Maps is used to show your location on a map.";
				INFOPLIST_KEY_NSLocationWhenInUseUsageDescription = "Enable this so you know exactly where you scanned a code. Nobody else will have access to your location data.";
				INFOPLIST_KEY_NSPhotoLibraryAddUsageDescription = "We need permission to save this QR code to your photo library.";
				INFOPLIST_KEY_UIApplicationSceneManifest_Generation = YES;
				INFOPLIST_KEY_UIApplicationSupportsIndirectInputEvents = YES;
				INFOPLIST_KEY_UISupportedInterfaceOrientations = UIInterfaceOrientationPortrait;
				IPHONEOS_DEPLOYMENT_TARGET = 16.0;
				LD_RUNPATH_SEARCH_PATHS = (
					"$(inherited)",
					"@executable_path/Frameworks",
				);
				MARKETING_VERSION = 1.0.1;
				PRODUCT_BUNDLE_IDENTIFIER = com.aaronhma.QRShare;
				PRODUCT_NAME = "$(TARGET_NAME)";
				SUPPORTED_PLATFORMS = "iphoneos iphonesimulator";
				SUPPORTS_MACCATALYST = NO;
				SUPPORTS_MAC_DESIGNED_FOR_IPHONE_IPAD = NO;
				SUPPORTS_XR_DESIGNED_FOR_IPHONE_IPAD = NO;
				SWIFT_EMIT_LOC_STRINGS = YES;
				SWIFT_VERSION = 5.0;
				TARGETED_DEVICE_FAMILY = 1;
			};
			name = Debug;
		};
		78F2F24D2B91677300CDF3EC /* Release */ = {
			isa = XCBuildConfiguration;
			buildSettings = {
				ALWAYS_EMBED_SWIFT_STANDARD_LIBRARIES = YES;
				ASSETCATALOG_COMPILER_ALTERNATE_APPICON_NAMES = "AppIcon3 AppIcon2 AppIcon";
				ASSETCATALOG_COMPILER_APPICON_NAME = AppIcon;
				ASSETCATALOG_COMPILER_GLOBAL_ACCENT_COLOR_NAME = AccentColor;
				ASSETCATALOG_COMPILER_INCLUDE_ALL_APPICON_ASSETS = YES;
				CODE_SIGN_ENTITLEMENTS = QRSharePro/QRSharePro.entitlements;
				CODE_SIGN_STYLE = Automatic;
				CURRENT_PROJECT_VERSION = 11;
				DEVELOPMENT_TEAM = L3P446LNNP;
				ENABLE_PREVIEWS = YES;
				GENERATE_INFOPLIST_FILE = YES;
				INFOPLIST_FILE = QRSharePro/Info.plist;
				INFOPLIST_KEY_CFBundleDisplayName = "QR Share Pro";
				INFOPLIST_KEY_LSApplicationCategoryType = "public.app-category.utilities";
				INFOPLIST_KEY_NSCameraUsageDescription = "Your camera is used to scan QR codes. This is done 100% offline.";
				INFOPLIST_KEY_NSLocationUsageDescription = "You'll be able to see where you scanned QR codes. Apple Maps is used to show your location on a map.";
				INFOPLIST_KEY_NSLocationWhenInUseUsageDescription = "Enable this so you know exactly where you scanned a code. Nobody else will have access to your location data.";
				INFOPLIST_KEY_NSPhotoLibraryAddUsageDescription = "We need permission to save this QR code to your photo library.";
				INFOPLIST_KEY_UIApplicationSceneManifest_Generation = YES;
				INFOPLIST_KEY_UIApplicationSupportsIndirectInputEvents = YES;
				INFOPLIST_KEY_UISupportedInterfaceOrientations = UIInterfaceOrientationPortrait;
				IPHONEOS_DEPLOYMENT_TARGET = 16.0;
				LD_RUNPATH_SEARCH_PATHS = (
					"$(inherited)",
					"@executable_path/Frameworks",
				);
				MARKETING_VERSION = 1.0.1;
				PRODUCT_BUNDLE_IDENTIFIER = com.aaronhma.QRShare;
				PRODUCT_NAME = "$(TARGET_NAME)";
				SUPPORTED_PLATFORMS = "iphoneos iphonesimulator";
				SUPPORTS_MACCATALYST = NO;
				SUPPORTS_MAC_DESIGNED_FOR_IPHONE_IPAD = NO;
				SUPPORTS_XR_DESIGNED_FOR_IPHONE_IPAD = NO;
				SWIFT_EMIT_LOC_STRINGS = YES;
				SWIFT_VERSION = 5.0;
				TARGETED_DEVICE_FAMILY = 1;
			};
			name = Release;
		};
		8BB6E16F2B99575C0094D652 /* Debug */ = {
			isa = XCBuildConfiguration;
			buildSettings = {
				CODE_SIGN_ENTITLEMENTS = Share/Share.entitlements;
				CODE_SIGN_STYLE = Automatic;
				CURRENT_PROJECT_VERSION = 1;
				DEVELOPMENT_TEAM = L3P446LNNP;
				GENERATE_INFOPLIST_FILE = YES;
				INFOPLIST_FILE = Share/Info.plist;
				INFOPLIST_KEY_CFBundleDisplayName = "QR Share";
				INFOPLIST_KEY_NSHumanReadableCopyright = "";
				IPHONEOS_DEPLOYMENT_TARGET = 16.0;
				LD_RUNPATH_SEARCH_PATHS = (
					"$(inherited)",
					"@executable_path/Frameworks",
					"@executable_path/../../Frameworks",
				);
				MARKETING_VERSION = 1.0;
				PRODUCT_BUNDLE_IDENTIFIER = com.aaronhma.QRShare.Share;
				PRODUCT_NAME = "$(TARGET_NAME)";
				SKIP_INSTALL = YES;
				SUPPORTED_PLATFORMS = "iphoneos iphonesimulator";
				SUPPORTS_MACCATALYST = NO;
				SUPPORTS_MAC_DESIGNED_FOR_IPHONE_IPAD = NO;
				SUPPORTS_XR_DESIGNED_FOR_IPHONE_IPAD = NO;
				SWIFT_EMIT_LOC_STRINGS = YES;
				SWIFT_VERSION = 5.0;
				TARGETED_DEVICE_FAMILY = 1;
			};
			name = Debug;
		};
		8BB6E1702B99575C0094D652 /* Release */ = {
			isa = XCBuildConfiguration;
			buildSettings = {
				CODE_SIGN_ENTITLEMENTS = Share/Share.entitlements;
				CODE_SIGN_STYLE = Automatic;
				CURRENT_PROJECT_VERSION = 1;
				DEVELOPMENT_TEAM = L3P446LNNP;
				GENERATE_INFOPLIST_FILE = YES;
				INFOPLIST_FILE = Share/Info.plist;
				INFOPLIST_KEY_CFBundleDisplayName = "QR Share";
				INFOPLIST_KEY_NSHumanReadableCopyright = "";
				IPHONEOS_DEPLOYMENT_TARGET = 16.0;
				LD_RUNPATH_SEARCH_PATHS = (
					"$(inherited)",
					"@executable_path/Frameworks",
					"@executable_path/../../Frameworks",
				);
				MARKETING_VERSION = 1.0;
				PRODUCT_BUNDLE_IDENTIFIER = com.aaronhma.QRShare.Share;
				PRODUCT_NAME = "$(TARGET_NAME)";
				SKIP_INSTALL = YES;
				SUPPORTED_PLATFORMS = "iphoneos iphonesimulator";
				SUPPORTS_MACCATALYST = NO;
				SUPPORTS_MAC_DESIGNED_FOR_IPHONE_IPAD = NO;
				SUPPORTS_XR_DESIGNED_FOR_IPHONE_IPAD = NO;
				SWIFT_EMIT_LOC_STRINGS = YES;
				SWIFT_VERSION = 5.0;
				TARGETED_DEVICE_FAMILY = 1;
			};
			name = Release;
		};
/* End XCBuildConfiguration section */

/* Begin XCConfigurationList section */
		78F2F2382B91676F00CDF3EC /* Build configuration list for PBXProject "QRSharePro" */ = {
			isa = XCConfigurationList;
			buildConfigurations = (
				78F2F2492B91677300CDF3EC /* Debug */,
				78F2F24A2B91677300CDF3EC /* Release */,
			);
			defaultConfigurationIsVisible = 0;
			defaultConfigurationName = Release;
		};
		78F2F24B2B91677300CDF3EC /* Build configuration list for PBXNativeTarget "QRSharePro" */ = {
			isa = XCConfigurationList;
			buildConfigurations = (
				78F2F24C2B91677300CDF3EC /* Debug */,
				78F2F24D2B91677300CDF3EC /* Release */,
			);
			defaultConfigurationIsVisible = 0;
			defaultConfigurationName = Release;
		};
		8BB6E16E2B99575C0094D652 /* Build configuration list for PBXNativeTarget "Share" */ = {
			isa = XCConfigurationList;
			buildConfigurations = (
				8BB6E16F2B99575C0094D652 /* Debug */,
				8BB6E1702B99575C0094D652 /* Release */,
			);
			defaultConfigurationIsVisible = 0;
			defaultConfigurationName = Release;
		};
/* End XCConfigurationList section */

/* Begin XCRemoteSwiftPackageReference section */
		7854077B2BCD913900932AA4 /* XCRemoteSwiftPackageReference "PermissionsKit" */ = {
			isa = XCRemoteSwiftPackageReference;
			repositoryURL = "https://github.com/sparrowcode/PermissionsKit";
			requirement = {
				kind = exactVersion;
				version = 10.0.1;
			};
		};
		8BDF6FEE2BCF614600AEF579 /* XCRemoteSwiftPackageReference "ColorfulX" */ = {
			isa = XCRemoteSwiftPackageReference;
			repositoryURL = "https://github.com/Lakr233/ColorfulX.git";
			requirement = {
				kind = upToNextMajorVersion;
				minimumVersion = 2.4.5;
			};
		};
/* End XCRemoteSwiftPackageReference section */

/* Begin XCSwiftPackageProductDependency section */
		7854077C2BCD913900932AA4 /* CameraPermission */ = {
			isa = XCSwiftPackageProductDependency;
			package = 7854077B2BCD913900932AA4 /* XCRemoteSwiftPackageReference "PermissionsKit" */;
			productName = CameraPermission;
		};
		8BDF6FEF2BCF614600AEF579 /* ColorfulX */ = {
			isa = XCSwiftPackageProductDependency;
			package = 8BDF6FEE2BCF614600AEF579 /* XCRemoteSwiftPackageReference "ColorfulX" */;
			productName = ColorfulX;
		};
		8BDF6FF12BCF614D00AEF579 /* ColorfulX */ = {
			isa = XCSwiftPackageProductDependency;
			package = 8BDF6FEE2BCF614600AEF579 /* XCRemoteSwiftPackageReference "ColorfulX" */;
			productName = ColorfulX;
		};
/* End XCSwiftPackageProductDependency section */
	};
	rootObject = 78F2F2352B91676F00CDF3EC /* Project object */;
}
